
Microsoft Visual Studio Solution File, Format Version 12.00
# Visual Studio Version 16
VisualStudioVersion = 16.0.29709.97
MinimumVisualStudioVersion = 10.0.40219.1
Project("{FAE04EC0-301F-11D3-BF4B-00C04F79EFBC}") = "PrimitiveBuddy.Android", "PrimitiveBuddy.Android\PrimitiveBuddy.Android.csproj", "{5008D17C-7D62-4D0A-A277-8B4105CC84D3}"
EndProject
Project("{FAE04EC0-301F-11D3-BF4B-00C04F79EFBC}") = "PrimitiveBuddy.iOS", "PrimitiveBuddy.iOS\PrimitiveBuddy.iOS.csproj", "{D210A47A-600E-472F-A69A-FC77CABD2C52}"
EndProject
Project("{2150E333-8FDC-42A3-9474-1A3956D46DE8}") = "Solution Items", "Solution Items", "{65E7568A-5AC9-41B8-8FF3-A4B447A2D736}"
	ProjectSection(SolutionItems) = preProject
		buildNugetPackages.ps1 = buildNugetPackages.ps1
		PrimitiveBuddy.nuspec = PrimitiveBuddy.nuspec
	EndProjectSection
EndProject
Project("{D954291E-2A0B-460D-934E-DC6B0785DB48}") = "PrimitiveBuddy.SharedProject", "PrimitiveBuddy.SharedProject\PrimitiveBuddy.SharedProject.shproj", "{B24AED77-1002-402C-905B-719F8AB982EA}"
EndProject
Project("{FAE04EC0-301F-11D3-BF4B-00C04F79EFBC}") = "PrimitiveBuddy.WindowsDX", "PrimitiveBuddy.WindowsDX\PrimitiveBuddy.WindowsDX.csproj", "{64F986E6-BCD2-4DF5-BF93-7B563F98B558}"
EndProject
Global
	GlobalSection(SharedMSBuildProjectFiles) = preSolution
		PrimitiveBuddy.SharedProject\PrimitiveBuddy.SharedProject.projitems*{5008d17c-7d62-4d0a-a277-8b4105cc84d3}*SharedItemsImports = 4
		PrimitiveBuddy.SharedProject\PrimitiveBuddy.SharedProject.projitems*{64f986e6-bcd2-4df5-bf93-7b563f98b558}*SharedItemsImports = 4
		PrimitiveBuddy.SharedProject\PrimitiveBuddy.SharedProject.projitems*{b24aed77-1002-402c-905b-719f8ab982ea}*SharedItemsImports = 13
		PrimitiveBuddy.SharedProject\PrimitiveBuddy.SharedProject.projitems*{d210a47a-600e-472f-a69a-fc77cabd2c52}*SharedItemsImports = 4
	EndGlobalSection
	GlobalSection(SolutionConfigurationPlatforms) = preSolution
		AppStore|Any CPU = AppStore|Any CPU
		AppStore|ARM = AppStore|ARM
		AppStore|x64 = AppStore|x64
		AppStore|x86 = AppStore|x86
		Debug|Any CPU = Debug|Any CPU
		Debug|ARM = Debug|ARM
		Debug|x64 = Debug|x64
		Debug|x86 = Debug|x86
		Release|Any CPU = Release|Any CPU
		Release|ARM = Release|ARM
		Release|x64 = Release|x64
		Release|x86 = Release|x86
	EndGlobalSection
	GlobalSection(ProjectConfigurationPlatforms) = postSolution
		{5008D17C-7D62-4D0A-A277-8B4105CC84D3}.AppStore|Any CPU.ActiveCfg = Release|Any CPU
		{5008D17C-7D62-4D0A-A277-8B4105CC84D3}.AppStore|Any CPU.Build.0 = Release|Any CPU
		{5008D17C-7D62-4D0A-A277-8B4105CC84D3}.AppStore|ARM.ActiveCfg = Debug|Any CPU
		{5008D17C-7D62-4D0A-A277-8B4105CC84D3}.AppStore|ARM.Build.0 = Debug|Any CPU
		{5008D17C-7D62-4D0A-A277-8B4105CC84D3}.AppStore|x64.ActiveCfg = Debug|Any CPU
		{5008D17C-7D62-4D0A-A277-8B4105CC84D3}.AppStore|x64.Build.0 = Debug|Any CPU
		{5008D17C-7D62-4D0A-A277-8B4105CC84D3}.AppStore|x86.ActiveCfg = Debug|Any CPU
		{5008D17C-7D62-4D0A-A277-8B4105CC84D3}.AppStore|x86.Build.0 = Debug|Any CPU
		{5008D17C-7D62-4D0A-A277-8B4105CC84D3}.Debug|Any CPU.ActiveCfg = Debug|Any CPU
		{5008D17C-7D62-4D0A-A277-8B4105CC84D3}.Debug|Any CPU.Build.0 = Debug|Any CPU
		{5008D17C-7D62-4D0A-A277-8B4105CC84D3}.Debug|ARM.ActiveCfg = Debug|Any CPU
		{5008D17C-7D62-4D0A-A277-8B4105CC84D3}.Debug|ARM.Build.0 = Debug|Any CPU
		{5008D17C-7D62-4D0A-A277-8B4105CC84D3}.Debug|x64.ActiveCfg = Debug|Any CPU
		{5008D17C-7D62-4D0A-A277-8B4105CC84D3}.Debug|x64.Build.0 = Debug|Any CPU
		{5008D17C-7D62-4D0A-A277-8B4105CC84D3}.Debug|x86.ActiveCfg = Debug|Any CPU
		{5008D17C-7D62-4D0A-A277-8B4105CC84D3}.Debug|x86.Build.0 = Debug|Any CPU
		{5008D17C-7D62-4D0A-A277-8B4105CC84D3}.Release|Any CPU.ActiveCfg = Release|Any CPU
		{5008D17C-7D62-4D0A-A277-8B4105CC84D3}.Release|Any CPU.Build.0 = Release|Any CPU
		{5008D17C-7D62-4D0A-A277-8B4105CC84D3}.Release|ARM.ActiveCfg = Release|Any CPU
		{5008D17C-7D62-4D0A-A277-8B4105CC84D3}.Release|ARM.Build.0 = Release|Any CPU
		{5008D17C-7D62-4D0A-A277-8B4105CC84D3}.Release|x64.ActiveCfg = Release|Any CPU
		{5008D17C-7D62-4D0A-A277-8B4105CC84D3}.Release|x64.Build.0 = Release|Any CPU
		{5008D17C-7D62-4D0A-A277-8B4105CC84D3}.Release|x86.ActiveCfg = Release|Any CPU
		{5008D17C-7D62-4D0A-A277-8B4105CC84D3}.Release|x86.Build.0 = Release|Any CPU
		{D210A47A-600E-472F-A69A-FC77CABD2C52}.AppStore|Any CPU.ActiveCfg = Release|Any CPU
		{D210A47A-600E-472F-A69A-FC77CABD2C52}.AppStore|Any CPU.Build.0 = Release|Any CPU
		{D210A47A-600E-472F-A69A-FC77CABD2C52}.AppStore|ARM.ActiveCfg = Release|Any CPU
		{D210A47A-600E-472F-A69A-FC77CABD2C52}.AppStore|ARM.Build.0 = Release|Any CPU
		{D210A47A-600E-472F-A69A-FC77CABD2C52}.AppStore|x64.ActiveCfg = Release|Any CPU
		{D210A47A-600E-472F-A69A-FC77CABD2C52}.AppStore|x64.Build.0 = Release|Any CPU
		{D210A47A-600E-472F-A69A-FC77CABD2C52}.AppStore|x86.ActiveCfg = Release|Any CPU
		{D210A47A-600E-472F-A69A-FC77CABD2C52}.AppStore|x86.Build.0 = Release|Any CPU
		{D210A47A-600E-472F-A69A-FC77CABD2C52}.Debug|Any CPU.ActiveCfg = Debug|Any CPU
		{D210A47A-600E-472F-A69A-FC77CABD2C52}.Debug|Any CPU.Build.0 = Debug|Any CPU
		{D210A47A-600E-472F-A69A-FC77CABD2C52}.Debug|ARM.ActiveCfg = Debug|Any CPU
		{D210A47A-600E-472F-A69A-FC77CABD2C52}.Debug|ARM.Build.0 = Debug|Any CPU
		{D210A47A-600E-472F-A69A-FC77CABD2C52}.Debug|x64.ActiveCfg = Debug|Any CPU
		{D210A47A-600E-472F-A69A-FC77CABD2C52}.Debug|x64.Build.0 = Debug|Any CPU
		{D210A47A-600E-472F-A69A-FC77CABD2C52}.Debug|x86.ActiveCfg = Debug|Any CPU
		{D210A47A-600E-472F-A69A-FC77CABD2C52}.Debug|x86.Build.0 = Debug|Any CPU
		{D210A47A-600E-472F-A69A-FC77CABD2C52}.Release|Any CPU.ActiveCfg = Release|Any CPU
		{D210A47A-600E-472F-A69A-FC77CABD2C52}.Release|Any CPU.Build.0 = Release|Any CPU
		{D210A47A-600E-472F-A69A-FC77CABD2C52}.Release|ARM.ActiveCfg = Release|Any CPU
		{D210A47A-600E-472F-A69A-FC77CABD2C52}.Release|ARM.Build.0 = Release|Any CPU
		{D210A47A-600E-472F-A69A-FC77CABD2C52}.Release|x64.ActiveCfg = Release|Any CPU
		{D210A47A-600E-472F-A69A-FC77CABD2C52}.Release|x64.Build.0 = Release|Any CPU
		{D210A47A-600E-472F-A69A-FC77CABD2C52}.Release|x86.ActiveCfg = Release|Any CPU
		{D210A47A-600E-472F-A69A-FC77CABD2C52}.Release|x86.Build.0 = Release|Any CPU
		{64F986E6-BCD2-4DF5-BF93-7B563F98B558}.AppStore|Any CPU.ActiveCfg = Release|Any CPU
		{64F986E6-BCD2-4DF5-BF93-7B563F98B558}.AppStore|Any CPU.Build.0 = Release|Any CPU
		{64F986E6-BCD2-4DF5-BF93-7B563F98B558}.AppStore|ARM.ActiveCfg = Release|Any CPU
		{64F986E6-BCD2-4DF5-BF93-7B563F98B558}.AppStore|ARM.Build.0 = Release|Any CPU
		{64F986E6-BCD2-4DF5-BF93-7B563F98B558}.AppStore|x64.ActiveCfg = Release|Any CPU
		{64F986E6-BCD2-4DF5-BF93-7B563F98B558}.AppStore|x64.Build.0 = Release|Any CPU
		{64F986E6-BCD2-4DF5-BF93-7B563F98B558}.AppStore|x86.ActiveCfg = Release|Any CPU
		{64F986E6-BCD2-4DF5-BF93-7B563F98B558}.AppStore|x86.Build.0 = Release|Any CPU
		{64F986E6-BCD2-4DF5-BF93-7B563F98B558}.Debug|Any CPU.ActiveCfg = Debug|Any CPU
		{64F986E6-BCD2-4DF5-BF93-7B563F98B558}.Debug|Any CPU.Build.0 = Debug|Any CPU
		{64F986E6-BCD2-4DF5-BF93-7B563F98B558}.Debug|ARM.ActiveCfg = Debug|Any CPU
		{64F986E6-BCD2-4DF5-BF93-7B563F98B558}.Debug|ARM.Build.0 = Debug|Any CPU
		{64F986E6-BCD2-4DF5-BF93-7B563F98B558}.Debug|x64.ActiveCfg = Debug|Any CPU
		{64F986E6-BCD2-4DF5-BF93-7B563F98B558}.Debug|x64.Build.0 = Debug|Any CPU
		{64F986E6-BCD2-4DF5-BF93-7B563F98B558}.Debug|x86.ActiveCfg = Debug|Any CPU
		{64F986E6-BCD2-4DF5-BF93-7B563F98B558}.Debug|x86.Build.0 = Debug|Any CPU
		{64F986E6-BCD2-4DF5-BF93-7B563F98B558}.Release|Any CPU.ActiveCfg = Release|Any CPU
		{64F986E6-BCD2-4DF5-BF93-7B563F98B558}.Release|Any CPU.Build.0 = Release|Any CPU
		{64F986E6-BCD2-4DF5-BF93-7B563F98B558}.Release|ARM.ActiveCfg = Release|Any CPU
		{64F986E6-BCD2-4DF5-BF93-7B563F98B558}.Release|ARM.Build.0 = Release|Any CPU
		{64F986E6-BCD2-4DF5-BF93-7B563F98B558}.Release|x64.ActiveCfg = Release|Any CPU
		{64F986E6-BCD2-4DF5-BF93-7B563F98B558}.Release|x64.Build.0 = Release|Any CPU
		{64F986E6-BCD2-4DF5-BF93-7B563F98B558}.Release|x86.ActiveCfg = Release|Any CPU
		{64F986E6-BCD2-4DF5-BF93-7B563F98B558}.Release|x86.Build.0 = Release|Any CPU
	EndGlobalSection
	GlobalSection(SolutionProperties) = preSolution
		HideSolutionNode = FALSE
	EndGlobalSection
	GlobalSection(ExtensibilityGlobals) = postSolution
		SolutionGuid = {170CAC11-721A-49F2-BEFB-B237E913CF43}
	EndGlobalSection
EndGlobal
