
Microsoft Visual Studio Solution File, Format Version 12.00
# Visual Studio 14
VisualStudioVersion = 14.0.24720.0
MinimumVisualStudioVersion = 10.0.40219.1
Project("{FAE04EC0-301F-11D3-BF4B-00C04F79EFBC}") = "PrimitiveBuddy.WindowsGL", "PrimitiveBuddy.WindowsGL\PrimitiveBuddy.WindowsGL.csproj", "{7EEAEF2A-7F63-4089-BCC2-FDF576EF9071}"
EndProject
Project("{FAE04EC0-301F-11D3-BF4B-00C04F79EFBC}") = "PrimitiveBuddy.Android", "PrimitiveBuddy.Android\PrimitiveBuddy.Android.csproj", "{5008D17C-7D62-4D0A-A277-8B4105CC84D3}"
EndProject
Global
	GlobalSection(SolutionConfigurationPlatforms) = preSolution
		Debug|Any CPU = Debug|Any CPU
		Release|Any CPU = Release|Any CPU
	EndGlobalSection
	GlobalSection(ProjectConfigurationPlatforms) = postSolution
		{7EEAEF2A-7F63-4089-BCC2-FDF576EF9071}.Debug|Any CPU.ActiveCfg = Debug|Any CPU
		{7EEAEF2A-7F63-4089-BCC2-FDF576EF9071}.Debug|Any CPU.Build.0 = Debug|Any CPU
		{7EEAEF2A-7F63-4089-BCC2-FDF576EF9071}.Release|Any CPU.ActiveCfg = Release|Any CPU
		{7EEAEF2A-7F63-4089-BCC2-FDF576EF9071}.Release|Any CPU.Build.0 = Release|Any CPU
		{5008D17C-7D62-4D0A-A277-8B4105CC84D3}.Debug|Any CPU.ActiveCfg = Debug|Any CPU
		{5008D17C-7D62-4D0A-A277-8B4105CC84D3}.Debug|Any CPU.Build.0 = Debug|Any CPU
		{5008D17C-7D62-4D0A-A277-8B4105CC84D3}.Release|Any CPU.ActiveCfg = Release|Any CPU
		{5008D17C-7D62-4D0A-A277-8B4105CC84D3}.Release|Any CPU.Build.0 = Release|Any CPU
	EndGlobalSection
	GlobalSection(SolutionProperties) = preSolution
		HideSolutionNode = FALSE
	EndGlobalSection
EndGlobal
